// !$*UTF8*$!
{
	archiveVersion = 1;
	classes = {
	};
	objectVersion = 46;
	objects = {

/* Begin PBXBuildFile section */
		B734783A20DA808A001C5B5C /* Cocoa.framework in Frameworks */ = {isa = PBXBuildFile; fileRef = B734783920DA808A001C5B5C /* Cocoa.framework */; };
		B734783C20DA808A001C5B5C /* SDL2.framework in Frameworks */ = {isa = PBXBuildFile; fileRef = B734783B20DA808A001C5B5C /* SDL2.framework */; };
		B734784C20DA80FB001C5B5C /* tileset_gutter.png in Resources */ = {isa = PBXBuildFile; fileRef = B734784B20DA80FB001C5B5C /* tileset_gutter.png */; };
		B734785520DA8129001C5B5C /* Camera.cpp in Sources */ = {isa = PBXBuildFile; fileRef = B734784D20DA8129001C5B5C /* Camera.cpp */; };
		B734785620DA8129001C5B5C /* CApp.cpp in Sources */ = {isa = PBXBuildFile; fileRef = B734784F20DA8129001C5B5C /* CApp.cpp */; };
		B734785720DA8129001C5B5C /* main.cpp in Sources */ = {isa = PBXBuildFile; fileRef = B734785220DA8129001C5B5C /* main.cpp */; };
		B734785820DA8129001C5B5C /* Map.cpp in Sources */ = {isa = PBXBuildFile; fileRef = B734785320DA8129001C5B5C /* Map.cpp */; };
		B734785A20DA81CD001C5B5C /* SDL2_image.framework in Frameworks */ = {isa = PBXBuildFile; fileRef = B734785920DA81CD001C5B5C /* SDL2_image.framework */; };
/* End PBXBuildFile section */

/* Begin PBXCopyFilesBuildPhase section */
		B734783420DA808A001C5B5C /* CopyFiles */ = {
			isa = PBXCopyFilesBuildPhase;
			buildActionMask = 2147483647;
			dstSubfolderSpec = 10;
			files = (
			);
			runOnlyForDeploymentPostprocessing = 1;
		};
/* End PBXCopyFilesBuildPhase section */

/* Begin PBXFileReference section */
		B734783620DA808A001C5B5C /* OldPaint.app */ = {isa = PBXFileReference; explicitFileType = wrapper.application; includeInIndex = 0; path = OldPaint.app; sourceTree = BUILT_PRODUCTS_DIR; };
		B734783920DA808A001C5B5C /* Cocoa.framework */ = {isa = PBXFileReference; lastKnownFileType = wrapper.framework; name = Cocoa.framework; path = System/Library/Frameworks/Cocoa.framework; sourceTree = SDKROOT; };
		B734783B20DA808A001C5B5C /* SDL2.framework */ = {isa = PBXFileReference; lastKnownFileType = wrapper.framework; name = SDL2.framework; path = Library/Frameworks/../../../../../../../../../Library/Frameworks/SDL2.framework; sourceTree = DEVELOPER_DIR; };
		B734784B20DA80FB001C5B5C /* tileset_gutter.png */ = {isa = PBXFileReference; lastKnownFileType = image.png; path = tileset_gutter.png; sourceTree = "<group>"; };
		B734784D20DA8129001C5B5C /* Camera.cpp */ = {isa = PBXFileReference; fileEncoding = 4; lastKnownFileType = sourcecode.cpp.cpp; path = Camera.cpp; sourceTree = "<group>"; };
		B734784E20DA8129001C5B5C /* Camera.hpp */ = {isa = PBXFileReference; fileEncoding = 4; lastKnownFileType = sourcecode.cpp.h; path = Camera.hpp; sourceTree = "<group>"; };
		B734784F20DA8129001C5B5C /* CApp.cpp */ = {isa = PBXFileReference; fileEncoding = 4; lastKnownFileType = sourcecode.cpp.cpp; path = CApp.cpp; sourceTree = "<group>"; };
		B734785020DA8129001C5B5C /* CApp.h */ = {isa = PBXFileReference; fileEncoding = 4; lastKnownFileType = sourcecode.c.h; path = CApp.h; sourceTree = "<group>"; };
		B734785120DA8129001C5B5C /* Config.h */ = {isa = PBXFileReference; fileEncoding = 4; lastKnownFileType = sourcecode.c.h; path = Config.h; sourceTree = "<group>"; };
		B734785220DA8129001C5B5C /* main.cpp */ = {isa = PBXFileReference; fileEncoding = 4; lastKnownFileType = sourcecode.cpp.cpp; path = main.cpp; sourceTree = "<group>"; };
		B734785320DA8129001C5B5C /* Map.cpp */ = {isa = PBXFileReference; fileEncoding = 4; lastKnownFileType = sourcecode.cpp.cpp; path = Map.cpp; sourceTree = "<group>"; };
		B734785420DA8129001C5B5C /* Map.hpp */ = {isa = PBXFileReference; fileEncoding = 4; lastKnownFileType = sourcecode.cpp.h; path = Map.hpp; sourceTree = "<group>"; };
		B734785920DA81CD001C5B5C /* SDL2_image.framework */ = {isa = PBXFileReference; lastKnownFileType = wrapper.framework; name = SDL2_image.framework; path = ../../../../../Library/Frameworks/SDL2_image.framework; sourceTree = "<group>"; };
/* End PBXFileReference section */

/* Begin PBXFrameworksBuildPhase section */
		B734783220DA808A001C5B5C /* Frameworks */ = {
			isa = PBXFrameworksBuildPhase;
			buildActionMask = 2147483647;
			files = (
				B734785A20DA81CD001C5B5C /* SDL2_image.framework in Frameworks */,
				B734783A20DA808A001C5B5C /* Cocoa.framework in Frameworks */,
				B734783C20DA808A001C5B5C /* SDL2.framework in Frameworks */,
			);
			runOnlyForDeploymentPostprocessing = 0;
		};
/* End PBXFrameworksBuildPhase section */

/* Begin PBXGroup section */
		B734782C20DA808A001C5B5C = {
			isa = PBXGroup;
			children = (
				B734783D20DA808A001C5B5C /* OldPaint */,
				B734783820DA808A001C5B5C /* Frameworks */,
				B734783720DA808A001C5B5C /* Products */,
			);
			sourceTree = "<group>";
		};
		B734783720DA808A001C5B5C /* Products */ = {
			isa = PBXGroup;
			children = (
				B734783620DA808A001C5B5C /* OldPaint.app */,
			);
			name = Products;
			sourceTree = "<group>";
		};
		B734783820DA808A001C5B5C /* Frameworks */ = {
			isa = PBXGroup;
			children = (
				B734785920DA81CD001C5B5C /* SDL2_image.framework */,
				B734783920DA808A001C5B5C /* Cocoa.framework */,
				B734783B20DA808A001C5B5C /* SDL2.framework */,
			);
			name = Frameworks;
			sourceTree = "<group>";
		};
		B734783D20DA808A001C5B5C /* OldPaint */ = {
			isa = PBXGroup;
			children = (
				B734784A20DA80DB001C5B5C /* assets */,
				B734784220DA808A001C5B5C /* src */,
			);
			path = OldPaint;
			sourceTree = "<group>";
		};
		B734784220DA808A001C5B5C /* src */ = {
			isa = PBXGroup;
			children = (
				B734784D20DA8129001C5B5C /* Camera.cpp */,
				B734784E20DA8129001C5B5C /* Camera.hpp */,
				B734784F20DA8129001C5B5C /* CApp.cpp */,
				B734785020DA8129001C5B5C /* CApp.h */,
				B734785120DA8129001C5B5C /* Config.h */,
				B734785220DA8129001C5B5C /* main.cpp */,
				B734785320DA8129001C5B5C /* Map.cpp */,
				B734785420DA8129001C5B5C /* Map.hpp */,
			);
			name = src;
			sourceTree = "<group>";
		};
		B734784A20DA80DB001C5B5C /* assets */ = {
			isa = PBXGroup;
			children = (
				B734784B20DA80FB001C5B5C /* tileset_gutter.png */,
			);
			name = assets;
			sourceTree = "<group>";
		};
/* End PBXGroup section */

/* Begin PBXNativeTarget section */
		B734783520DA808A001C5B5C /* OldPaint */ = {
			isa = PBXNativeTarget;
			buildConfigurationList = B734784720DA808A001C5B5C /* Build configuration list for PBXNativeTarget "OldPaint" */;
			buildPhases = (
				B734783120DA808A001C5B5C /* Sources */,
				B734783220DA808A001C5B5C /* Frameworks */,
				B734783320DA808A001C5B5C /* Resources */,
				B734783420DA808A001C5B5C /* CopyFiles */,
			);
			buildRules = (
			);
			dependencies = (
			);
			name = OldPaint;
			productName = OldPaint;
			productReference = B734783620DA808A001C5B5C /* OldPaint.app */;
			productType = "com.apple.product-type.application";
		};
/* End PBXNativeTarget section */

/* Begin PBXProject section */
		B734782D20DA808A001C5B5C /* Project object */ = {
			isa = PBXProject;
			attributes = {
				LastUpgradeCheck = 0640;
				ORGANIZATIONNAME = xinlan;
				TargetAttributes = {
					B734783520DA808A001C5B5C = {
						CreatedOnToolsVersion = 6.4;
					};
				};
			};
			buildConfigurationList = B734783020DA808A001C5B5C /* Build configuration list for PBXProject "OldPaint" */;
			compatibilityVersion = "Xcode 3.2";
			developmentRegion = English;
			hasScannedForEncodings = 0;
			knownRegions = (
				en,
			);
			mainGroup = B734782C20DA808A001C5B5C;
			productRefGroup = B734783720DA808A001C5B5C /* Products */;
			projectDirPath = "";
			projectRoot = "";
			targets = (
				B734783520DA808A001C5B5C /* OldPaint */,
			);
		};
/* End PBXProject section */

/* Begin PBXResourcesBuildPhase section */
		B734783320DA808A001C5B5C /* Resources */ = {
			isa = PBXResourcesBuildPhase;
			buildActionMask = 2147483647;
			files = (
				B734784C20DA80FB001C5B5C /* tileset_gutter.png in Resources */,
			);
			runOnlyForDeploymentPostprocessing = 0;
		};
/* End PBXResourcesBuildPhase section */

/* Begin PBXSourcesBuildPhase section */
		B734783120DA808A001C5B5C /* Sources */ = {
			isa = PBXSourcesBuildPhase;
			buildActionMask = 2147483647;
			files = (
				B734785520DA8129001C5B5C /* Camera.cpp in Sources */,
				B734785620DA8129001C5B5C /* CApp.cpp in Sources */,
				B734785820DA8129001C5B5C /* Map.cpp in Sources */,
				B734785720DA8129001C5B5C /* main.cpp in Sources */,
			);
			runOnlyForDeploymentPostprocessing = 0;
		};
/* End PBXSourcesBuildPhase section */

/* Begin XCBuildConfiguration section */
		B734784520DA808A001C5B5C /* Debug */ = {
			isa = XCBuildConfiguration;
			buildSettings = {
				ALWAYS_SEARCH_USER_PATHS = NO;
				ARCHS = "$(ARCHS_STANDARD_64_BIT)";
				CLANG_CXX_LANGUAGE_STANDARD = "gnu++0x";
				CLANG_CXX_LIBRARY = "libc++";
				CLANG_ENABLE_MODULES = YES;
				CLANG_ENABLE_OBJC_ARC = YES;
				CLANG_WARN_BOOL_CONVERSION = YES;
				CLANG_WARN_CONSTANT_CONVERSION = YES;
				CLANG_WARN_DIRECT_OBJC_ISA_USAGE = YES_ERROR;
				CLANG_WARN_EMPTY_BODY = YES;
				CLANG_WARN_ENUM_CONVERSION = YES;
				CLANG_WARN_INT_CONVERSION = YES;
				CLANG_WARN_OBJC_ROOT_CLASS = YES_ERROR;
				CLANG_WARN_UNREACHABLE_CODE = YES;
				CLANG_WARN__DUPLICATE_METHOD_MATCH = YES;
				COPY_PHASE_STRIP = NO;
				ENABLE_STRICT_OBJC_MSGSEND = YES;
				GCC_C_LANGUAGE_STANDARD = gnu99;
				GCC_DYNAMIC_NO_PIC = NO;
				GCC_ENABLE_OBJC_EXCEPTIONS = YES;
				GCC_NO_COMMON_BLOCKS = YES;
				GCC_OPTIMIZATION_LEVEL = 0;
				GCC_PREPROCESSOR_DEFINITIONS = (
					"DEBUG=1",
					"$(inherited)",
				);
				GCC_SYMBOLS_PRIVATE_EXTERN = NO;
				GCC_WARN_64_TO_32_BIT_CONVERSION = YES;
				GCC_WARN_ABOUT_RETURN_TYPE = YES_ERROR;
				GCC_WARN_UNDECLARED_SELECTOR = YES;
				GCC_WARN_UNINITIALIZED_AUTOS = YES_AGGRESSIVE;
				GCC_WARN_UNUSED_FUNCTION = YES;
				GCC_WARN_UNUSED_VARIABLE = YES;
				MACOSX_DEPLOYMENT_TARGET = 10.10;
				MTL_ENABLE_DEBUG_INFO = YES;
				ONLY_ACTIVE_ARCH = YES;
				SDKROOT = macosx;
			};
			name = Debug;
		};
		B734784620DA808A001C5B5C /* Release */ = {
			isa = XCBuildConfiguration;
			buildSettings = {
				ALWAYS_SEARCH_USER_PATHS = NO;
				ARCHS = "$(ARCHS_STANDARD_64_BIT)";
				CLANG_CXX_LANGUAGE_STANDARD = "gnu++0x";
				CLANG_CXX_LIBRARY = "libc++";
				CLANG_ENABLE_MODULES = YES;
				CLANG_ENABLE_OBJC_ARC = YES;
				CLANG_WARN_BOOL_CONVERSION = YES;
				CLANG_WARN_CONSTANT_CONVERSION = YES;
				CLANG_WARN_DIRECT_OBJC_ISA_USAGE = YES_ERROR;
				CLANG_WARN_EMPTY_BODY = YES;
				CLANG_WARN_ENUM_CONVERSION = YES;
				CLANG_WARN_INT_CONVERSION = YES;
				CLANG_WARN_OBJC_ROOT_CLASS = YES_ERROR;
				CLANG_WARN_UNREACHABLE_CODE = YES;
				CLANG_WARN__DUPLICATE_METHOD_MATCH = YES;
				COPY_PHASE_STRIP = NO;
				DEBUG_INFORMATION_FORMAT = "dwarf-with-dsym";
				ENABLE_NS_ASSERTIONS = NO;
				ENABLE_STRICT_OBJC_MSGSEND = YES;
				GCC_C_LANGUAGE_STANDARD = gnu99;
				GCC_ENABLE_OBJC_EXCEPTIONS = YES;
				GCC_NO_COMMON_BLOCKS = YES;
				GCC_WARN_64_TO_32_BIT_CONVERSION = YES;
				GCC_WARN_ABOUT_RETURN_TYPE = YES_ERROR;
				GCC_WARN_UNDECLARED_SELECTOR = YES;
				GCC_WARN_UNINITIALIZED_AUTOS = YES_AGGRESSIVE;
				GCC_WARN_UNUSED_FUNCTION = YES;
				GCC_WARN_UNUSED_VARIABLE = YES;
				MACOSX_DEPLOYMENT_TARGET = 10.10;
				MTL_ENABLE_DEBUG_INFO = NO;
				SDKROOT = macosx;
			};
			name = Release;
		};
		B734784820DA808A001C5B5C /* Debug */ = {
			isa = XCBuildConfiguration;
			buildSettings = {
				FRAMEWORK_SEARCH_PATHS = (
					/Library/Frameworks,
					"$(LOCAL_LIBRARY_DIR)/Frameworks",
				);
				HEADER_SEARCH_PATHS = (
					/usr/include,
					/usr/local/include,
				);
				LD_RUNPATH_SEARCH_PATHS = "@executable_path/../Frameworks";
				LIBRARY_SEARCH_PATHS = /usr/lib;
				OTHER_LDFLAGS = "";
				PRODUCT_NAME = "$(TARGET_NAME)";
				USER_HEADER_SEARCH_PATHS = "";
			};
			name = Debug;
		};
		B734784920DA808A001C5B5C /* Release */ = {
			isa = XCBuildConfiguration;
			buildSettings = {
				FRAMEWORK_SEARCH_PATHS = (
					/Library/Frameworks,
					"$(LOCAL_LIBRARY_DIR)/Frameworks",
				);
				HEADER_SEARCH_PATHS = (
					/usr/include,
					/usr/local/include,
				);
				LD_RUNPATH_SEARCH_PATHS = "@executable_path/../Frameworks";
				LIBRARY_SEARCH_PATHS = /usr/lib;
				OTHER_LDFLAGS = "";
				PRODUCT_NAME = "$(TARGET_NAME)";
				USER_HEADER_SEARCH_PATHS = "";
			};
			name = Release;
		};
/* End XCBuildConfiguration section */

/* Begin XCConfigurationList section */
		B734783020DA808A001C5B5C /* Build configuration list for PBXProject "OldPaint" */ = {
			isa = XCConfigurationList;
			buildConfigurations = (
				B734784520DA808A001C5B5C /* Debug */,
				B734784620DA808A001C5B5C /* Release */,
			);
			defaultConfigurationIsVisible = 0;
			defaultConfigurationName = Release;
		};
		B734784720DA808A001C5B5C /* Build configuration list for PBXNativeTarget "OldPaint" */ = {
			isa = XCConfigurationList;
			buildConfigurations = (
				B734784820DA808A001C5B5C /* Debug */,
				B734784920DA808A001C5B5C /* Release */,
			);
			defaultConfigurationIsVisible = 0;
		};
/* End XCConfigurationList section */
	};
	rootObject = B734782D20DA808A001C5B5C /* Project object */;
}
